
Microsoft Visual Studio Solution File, Format Version 12.00
# Visual Studio Version 16
VisualStudioVersion = 16.0.28803.202
MinimumVisualStudioVersion = 10.0.40219.1
Project("{FAE04EC0-301F-11D3-BF4B-00C04F79EFBC}") = "flappy bird", "flappy bird.csproj", "{777435F8-B88A-4671-9302-1FD542133DC0}"
EndProject
Global
	GlobalSection(SolutionConfigurationPlatforms) = preSolution
		Debug|Any CPU = Debug|Any CPU
		Release|Any CPU = Release|Any CPU
	EndGlobalSection
	GlobalSection(ProjectConfigurationPlatforms) = postSolution
		{777435F8-B88A-4671-9302-1FD542133DC0}.Debug|Any CPU.ActiveCfg = Debug|Any CPU
		{777435F8-B88A-4671-9302-1FD542133DC0}.Debug|Any CPU.Build.0 = Debug|Any CPU
		{777435F8-B88A-4671-9302-1FD542133DC0}.Release|Any CPU.ActiveCfg = Release|Any CPU
		{777435F8-B88A-4671-9302-1FD542133DC0}.Release|Any CPU.Build.0 = Release|Any CPU
	EndGlobalSection
	GlobalSection(SolutionProperties) = preSolution
		HideSolutionNode = FALSE
	EndGlobalSection
	GlobalSection(ExtensibilityGlobals) = postSolution
		SolutionGuid = {4DA4D8D7-3099-4CC4-B2D3-B4F7D7A9EFD6}
	EndGlobalSection
EndGlobal
